
Microsoft Visual Studio Solution File, Format Version 12.00
# Visual Studio Version 16
VisualStudioVersion = 16.0.30011.22
MinimumVisualStudioVersion = 10.0.40219.1
Project("{8BC9CEB8-8B4A-11D0-8D11-00A0C91BC942}") = "library", "library\library.vcxproj", "{0A4CA32B-49AE-4454-B73F-1053934B7933}"
EndProject
Project("{8BC9CEB8-8B4A-11D0-8D11-00A0C91BC942}") = "A", "problems\A\A.vcxproj", "{9A58FAAB-2D47-4C68-9ABC-076A00BAAEB6}"
EndProject
Project("{8BC9CEB8-8B4A-11D0-8D11-00A0C91BC942}") = "B", "problems\B\B.vcxproj", "{F195626C-6356-4714-B294-BDC7EC350FA5}"
EndProject
Project("{8BC9CEB8-8B4A-11D0-8D11-00A0C91BC942}") = "C", "problems\C\C.vcxproj", "{8B0BE8DA-8FDC-484C-865C-A66F5C0A8E30}"
EndProject
Project("{8BC9CEB8-8B4A-11D0-8D11-00A0C91BC942}") = "D", "problems\D\D.vcxproj", "{92D38F79-571B-442D-BABA-38C425E4B9C5}"
EndProject
Project("{8BC9CEB8-8B4A-11D0-8D11-00A0C91BC942}") = "E", "problems\E\E.vcxproj", "{FA47D474-5DA4-4F23-AD72-E625767DB81D}"
EndProject
Project("{8BC9CEB8-8B4A-11D0-8D11-00A0C91BC942}") = "F", "problems\F\F.vcxproj", "{30CB3F30-15C1-4449-BEBD-0434387E7B82}"
EndProject
Project("{2150E333-8FDC-42A3-9474-1A3956D46DE8}") = "problems", "problems", "{CD4D51C8-13B5-4EBF-8942-2462C38AC766}"
EndProject
Global
	GlobalSection(SolutionConfigurationPlatforms) = preSolution
		Debug|x86 = Debug|x86
		Release|x86 = Release|x86
	EndGlobalSection
	GlobalSection(ProjectConfigurationPlatforms) = postSolution
		{0A4CA32B-49AE-4454-B73F-1053934B7933}.Debug|x86.ActiveCfg = Debug|Win32
		{0A4CA32B-49AE-4454-B73F-1053934B7933}.Debug|x86.Build.0 = Debug|Win32
		{0A4CA32B-49AE-4454-B73F-1053934B7933}.Release|x86.ActiveCfg = Release|Win32
		{0A4CA32B-49AE-4454-B73F-1053934B7933}.Release|x86.Build.0 = Release|Win32
		{9A58FAAB-2D47-4C68-9ABC-076A00BAAEB6}.Debug|x86.ActiveCfg = Debug|Win32
		{9A58FAAB-2D47-4C68-9ABC-076A00BAAEB6}.Debug|x86.Build.0 = Debug|Win32
		{9A58FAAB-2D47-4C68-9ABC-076A00BAAEB6}.Release|x86.ActiveCfg = Release|Win32
		{9A58FAAB-2D47-4C68-9ABC-076A00BAAEB6}.Release|x86.Build.0 = Release|Win32
		{F195626C-6356-4714-B294-BDC7EC350FA5}.Debug|x86.ActiveCfg = Debug|Win32
		{F195626C-6356-4714-B294-BDC7EC350FA5}.Debug|x86.Build.0 = Debug|Win32
		{F195626C-6356-4714-B294-BDC7EC350FA5}.Release|x86.ActiveCfg = Release|Win32
		{F195626C-6356-4714-B294-BDC7EC350FA5}.Release|x86.Build.0 = Release|Win32
		{8B0BE8DA-8FDC-484C-865C-A66F5C0A8E30}.Debug|x86.ActiveCfg = Debug|Win32
		{8B0BE8DA-8FDC-484C-865C-A66F5C0A8E30}.Debug|x86.Build.0 = Debug|Win32
		{8B0BE8DA-8FDC-484C-865C-A66F5C0A8E30}.Release|x86.ActiveCfg = Release|Win32
		{8B0BE8DA-8FDC-484C-865C-A66F5C0A8E30}.Release|x86.Build.0 = Release|Win32
		{92D38F79-571B-442D-BABA-38C425E4B9C5}.Debug|x86.ActiveCfg = Debug|Win32
		{92D38F79-571B-442D-BABA-38C425E4B9C5}.Debug|x86.Build.0 = Debug|Win32
		{92D38F79-571B-442D-BABA-38C425E4B9C5}.Release|x86.ActiveCfg = Release|Win32
		{92D38F79-571B-442D-BABA-38C425E4B9C5}.Release|x86.Build.0 = Release|Win32
		{FA47D474-5DA4-4F23-AD72-E625767DB81D}.Debug|x86.ActiveCfg = Debug|Win32
		{FA47D474-5DA4-4F23-AD72-E625767DB81D}.Debug|x86.Build.0 = Debug|Win32
		{FA47D474-5DA4-4F23-AD72-E625767DB81D}.Release|x86.ActiveCfg = Release|Win32
		{FA47D474-5DA4-4F23-AD72-E625767DB81D}.Release|x86.Build.0 = Release|Win32
		{30CB3F30-15C1-4449-BEBD-0434387E7B82}.Debug|x86.ActiveCfg = Debug|Win32
		{30CB3F30-15C1-4449-BEBD-0434387E7B82}.Debug|x86.Build.0 = Debug|Win32
		{30CB3F30-15C1-4449-BEBD-0434387E7B82}.Release|x86.ActiveCfg = Release|Win32
		{30CB3F30-15C1-4449-BEBD-0434387E7B82}.Release|x86.Build.0 = Release|Win32
	EndGlobalSection
	GlobalSection(SolutionProperties) = preSolution
		HideSolutionNode = FALSE
	EndGlobalSection
	GlobalSection(NestedProjects) = preSolution
		{9A58FAAB-2D47-4C68-9ABC-076A00BAAEB6} = {CD4D51C8-13B5-4EBF-8942-2462C38AC766}
		{F195626C-6356-4714-B294-BDC7EC350FA5} = {CD4D51C8-13B5-4EBF-8942-2462C38AC766}
		{8B0BE8DA-8FDC-484C-865C-A66F5C0A8E30} = {CD4D51C8-13B5-4EBF-8942-2462C38AC766}
		{92D38F79-571B-442D-BABA-38C425E4B9C5} = {CD4D51C8-13B5-4EBF-8942-2462C38AC766}
		{FA47D474-5DA4-4F23-AD72-E625767DB81D} = {CD4D51C8-13B5-4EBF-8942-2462C38AC766}
		{30CB3F30-15C1-4449-BEBD-0434387E7B82} = {CD4D51C8-13B5-4EBF-8942-2462C38AC766}
	EndGlobalSection
	GlobalSection(ExtensibilityGlobals) = postSolution
		SolutionGuid = {40412F3D-BD11-4BE7-97B6-E706F12E8AEE}
	EndGlobalSection
EndGlobal
